// !$*UTF8*$!
{
	archiveVersion = 1;
	classes = {
	};
	objectVersion = 50;
	objects = {

/* Begin PBXBuildFile section */
		5697E3CC2407A16500DB022C /* AppDelegate.swift in Sources */ = {isa = PBXBuildFile; fileRef = 5697E3CB2407A16500DB022C /* AppDelegate.swift */; };
		5697E3CE2407A16500DB022C /* ViewController.swift in Sources */ = {isa = PBXBuildFile; fileRef = 5697E3CD2407A16500DB022C /* ViewController.swift */; };
		5697E3D12407A16500DB022C /* Main.storyboard in Resources */ = {isa = PBXBuildFile; fileRef = 5697E3CF2407A16500DB022C /* Main.storyboard */; };
		5697E3D42407A16500DB022C /* Homepwner.xcdatamodeld in Sources */ = {isa = PBXBuildFile; fileRef = 5697E3D22407A16500DB022C /* Homepwner.xcdatamodeld */; };
		5697E3D62407A16500DB022C /* Assets.xcassets in Resources */ = {isa = PBXBuildFile; fileRef = 5697E3D52407A16500DB022C /* Assets.xcassets */; };
		5697E3D92407A16500DB022C /* LaunchScreen.storyboard in Resources */ = {isa = PBXBuildFile; fileRef = 5697E3D72407A16500DB022C /* LaunchScreen.storyboard */; };
		5697E3E42407A16600DB022C /* HomepwnerTests.swift in Sources */ = {isa = PBXBuildFile; fileRef = 5697E3E32407A16600DB022C /* HomepwnerTests.swift */; };
		5697E3EF2407A16600DB022C /* HomepwnerUITests.swift in Sources */ = {isa = PBXBuildFile; fileRef = 5697E3EE2407A16600DB022C /* HomepwnerUITests.swift */; };
/* End PBXBuildFile section */

/* Begin PBXContainerItemProxy section */
		5697E3E02407A16600DB022C /* PBXContainerItemProxy */ = {
			isa = PBXContainerItemProxy;
			containerPortal = 5697E3C02407A16500DB022C /* Project object */;
			proxyType = 1;
			remoteGlobalIDString = 5697E3C72407A16500DB022C;
			remoteInfo = Homepwner;
		};
		5697E3EB2407A16600DB022C /* PBXContainerItemProxy */ = {
			isa = PBXContainerItemProxy;
			containerPortal = 5697E3C02407A16500DB022C /* Project object */;
			proxyType = 1;
			remoteGlobalIDString = 5697E3C72407A16500DB022C;
			remoteInfo = Homepwner;
		};
/* End PBXContainerItemProxy section */

/* Begin PBXFileReference section */
		5697E3C82407A16500DB022C /* Homepwner.app */ = {isa = PBXFileReference; explicitFileType = wrapper.application; includeInIndex = 0; path = Homepwner.app; sourceTree = BUILT_PRODUCTS_DIR; };
		5697E3CB2407A16500DB022C /* AppDelegate.swift */ = {isa = PBXFileReference; lastKnownFileType = sourcecode.swift; path = AppDelegate.swift; sourceTree = "<group>"; };
		5697E3CD2407A16500DB022C /* ViewController.swift */ = {isa = PBXFileReference; lastKnownFileType = sourcecode.swift; path = ViewController.swift; sourceTree = "<group>"; };
		5697E3D02407A16500DB022C /* Base */ = {isa = PBXFileReference; lastKnownFileType = file.storyboard; name = Base; path = Base.lproj/Main.storyboard; sourceTree = "<group>"; };
		5697E3D32407A16500DB022C /* Homepwner.xcdatamodel */ = {isa = PBXFileReference; lastKnownFileType = wrapper.xcdatamodel; path = Homepwner.xcdatamodel; sourceTree = "<group>"; };
		5697E3D52407A16500DB022C /* Assets.xcassets */ = {isa = PBXFileReference; lastKnownFileType = folder.assetcatalog; path = Assets.xcassets; sourceTree = "<group>"; };
		5697E3D82407A16500DB022C /* Base */ = {isa = PBXFileReference; lastKnownFileType = file.storyboard; name = Base; path = Base.lproj/LaunchScreen.storyboard; sourceTree = "<group>"; };
		5697E3DA2407A16500DB022C /* Info.plist */ = {isa = PBXFileReference; lastKnownFileType = text.plist.xml; path = Info.plist; sourceTree = "<group>"; };
		5697E3DF2407A16600DB022C /* HomepwnerTests.xctest */ = {isa = PBXFileReference; explicitFileType = wrapper.cfbundle; includeInIndex = 0; path = HomepwnerTests.xctest; sourceTree = BUILT_PRODUCTS_DIR; };
		5697E3E32407A16600DB022C /* HomepwnerTests.swift */ = {isa = PBXFileReference; lastKnownFileType = sourcecode.swift; path = HomepwnerTests.swift; sourceTree = "<group>"; };
		5697E3E52407A16600DB022C /* Info.plist */ = {isa = PBXFileReference; lastKnownFileType = text.plist.xml; path = Info.plist; sourceTree = "<group>"; };
		5697E3EA2407A16600DB022C /* HomepwnerUITests.xctest */ = {isa = PBXFileReference; explicitFileType = wrapper.cfbundle; includeInIndex = 0; path = HomepwnerUITests.xctest; sourceTree = BUILT_PRODUCTS_DIR; };
		5697E3EE2407A16600DB022C /* HomepwnerUITests.swift */ = {isa = PBXFileReference; lastKnownFileType = sourcecode.swift; path = HomepwnerUITests.swift; sourceTree = "<group>"; };
		5697E3F02407A16600DB022C /* Info.plist */ = {isa = PBXFileReference; lastKnownFileType = text.plist.xml; path = Info.plist; sourceTree = "<group>"; };
/* End PBXFileReference section */

/* Begin PBXFrameworksBuildPhase section */
		5697E3C52407A16500DB022C /* Frameworks */ = {
			isa = PBXFrameworksBuildPhase;
			buildActionMask = 2147483647;
			files = (
			);
			runOnlyForDeploymentPostprocessing = 0;
		};
		5697E3DC2407A16600DB022C /* Frameworks */ = {
			isa = PBXFrameworksBuildPhase;
			buildActionMask = 2147483647;
			files = (
			);
			runOnlyForDeploymentPostprocessing = 0;
		};
		5697E3E72407A16600DB022C /* Frameworks */ = {
			isa = PBXFrameworksBuildPhase;
			buildActionMask = 2147483647;
			files = (
			);
			runOnlyForDeploymentPostprocessing = 0;
		};
/* End PBXFrameworksBuildPhase section */

/* Begin PBXGroup section */
		5697E3BF2407A16500DB022C = {
			isa = PBXGroup;
			children = (
				5697E3CA2407A16500DB022C /* Homepwner */,
				5697E3E22407A16600DB022C /* HomepwnerTests */,
				5697E3ED2407A16600DB022C /* HomepwnerUITests */,
				5697E3C92407A16500DB022C /* Products */,
			);
			sourceTree = "<group>";
		};
		5697E3C92407A16500DB022C /* Products */ = {
			isa = PBXGroup;
			children = (
				5697E3C82407A16500DB022C /* Homepwner.app */,
				5697E3DF2407A16600DB022C /* HomepwnerTests.xctest */,
				5697E3EA2407A16600DB022C /* HomepwnerUITests.xctest */,
			);
			name = Products;
			sourceTree = "<group>";
		};
		5697E3CA2407A16500DB022C /* Homepwner */ = {
			isa = PBXGroup;
			children = (
				5697E3CB2407A16500DB022C /* AppDelegate.swift */,
				5697E3CD2407A16500DB022C /* ViewController.swift */,
				5697E3CF2407A16500DB022C /* Main.storyboard */,
				5697E3D52407A16500DB022C /* Assets.xcassets */,
				5697E3D72407A16500DB022C /* LaunchScreen.storyboard */,
				5697E3DA2407A16500DB022C /* Info.plist */,
				5697E3D22407A16500DB022C /* Homepwner.xcdatamodeld */,
			);
			path = Homepwner;
			sourceTree = "<group>";
		};
		5697E3E22407A16600DB022C /* HomepwnerTests */ = {
			isa = PBXGroup;
			children = (
				5697E3E32407A16600DB022C /* HomepwnerTests.swift */,
				5697E3E52407A16600DB022C /* Info.plist */,
			);
			path = HomepwnerTests;
			sourceTree = "<group>";
		};
		5697E3ED2407A16600DB022C /* HomepwnerUITests */ = {
			isa = PBXGroup;
			children = (
				5697E3EE2407A16600DB022C /* HomepwnerUITests.swift */,
				5697E3F02407A16600DB022C /* Info.plist */,
			);
			path = HomepwnerUITests;
			sourceTree = "<group>";
		};
/* End PBXGroup section */

/* Begin PBXNativeTarget section */
		5697E3C72407A16500DB022C /* Homepwner */ = {
			isa = PBXNativeTarget;
			buildConfigurationList = 5697E3F32407A16600DB022C /* Build configuration list for PBXNativeTarget "Homepwner" */;
			buildPhases = (
				5697E3C42407A16500DB022C /* Sources */,
				5697E3C52407A16500DB022C /* Frameworks */,
				5697E3C62407A16500DB022C /* Resources */,
			);
			buildRules = (
			);
			dependencies = (
			);
			name = Homepwner;
			productName = Homepwner;
			productReference = 5697E3C82407A16500DB022C /* Homepwner.app */;
			productType = "com.apple.product-type.application";
		};
		5697E3DE2407A16600DB022C /* HomepwnerTests */ = {
			isa = PBXNativeTarget;
			buildConfigurationList = 5697E3F62407A16600DB022C /* Build configuration list for PBXNativeTarget "HomepwnerTests" */;
			buildPhases = (
				5697E3DB2407A16600DB022C /* Sources */,
				5697E3DC2407A16600DB022C /* Frameworks */,
				5697E3DD2407A16600DB022C /* Resources */,
			);
			buildRules = (
			);
			dependencies = (
				5697E3E12407A16600DB022C /* PBXTargetDependency */,
			);
			name = HomepwnerTests;
			productName = HomepwnerTests;
			productReference = 5697E3DF2407A16600DB022C /* HomepwnerTests.xctest */;
			productType = "com.apple.product-type.bundle.unit-test";
		};
		5697E3E92407A16600DB022C /* HomepwnerUITests */ = {
			isa = PBXNativeTarget;
			buildConfigurationList = 5697E3F92407A16600DB022C /* Build configuration list for PBXNativeTarget "HomepwnerUITests" */;
			buildPhases = (
				5697E3E62407A16600DB022C /* Sources */,
				5697E3E72407A16600DB022C /* Frameworks */,
				5697E3E82407A16600DB022C /* Resources */,
			);
			buildRules = (
			);
			dependencies = (
				5697E3EC2407A16600DB022C /* PBXTargetDependency */,
			);
			name = HomepwnerUITests;
			productName = HomepwnerUITests;
			productReference = 5697E3EA2407A16600DB022C /* HomepwnerUITests.xctest */;
			productType = "com.apple.product-type.bundle.ui-testing";
		};
/* End PBXNativeTarget section */

/* Begin PBXProject section */
		5697E3C02407A16500DB022C /* Project object */ = {
			isa = PBXProject;
			attributes = {
				LastSwiftUpdateCheck = 1010;
				LastUpgradeCheck = 1010;
				ORGANIZATIONNAME = VuTQ10;
				TargetAttributes = {
					5697E3C72407A16500DB022C = {
						CreatedOnToolsVersion = 10.1;
					};
					5697E3DE2407A16600DB022C = {
						CreatedOnToolsVersion = 10.1;
						TestTargetID = 5697E3C72407A16500DB022C;
					};
					5697E3E92407A16600DB022C = {
						CreatedOnToolsVersion = 10.1;
						TestTargetID = 5697E3C72407A16500DB022C;
					};
				};
			};
			buildConfigurationList = 5697E3C32407A16500DB022C /* Build configuration list for PBXProject "Homepwner" */;
			compatibilityVersion = "Xcode 9.3";
			developmentRegion = en;
			hasScannedForEncodings = 0;
			knownRegions = (
				en,
				Base,
			);
			mainGroup = 5697E3BF2407A16500DB022C;
			productRefGroup = 5697E3C92407A16500DB022C /* Products */;
			projectDirPath = "";
			projectRoot = "";
			targets = (
				5697E3C72407A16500DB022C /* Homepwner */,
				5697E3DE2407A16600DB022C /* HomepwnerTests */,
				5697E3E92407A16600DB022C /* HomepwnerUITests */,
			);
		};
/* End PBXProject section */

/* Begin PBXResourcesBuildPhase section */
		5697E3C62407A16500DB022C /* Resources */ = {
			isa = PBXResourcesBuildPhase;
			buildActionMask = 2147483647;
			files = (
				5697E3D92407A16500DB022C /* LaunchScreen.storyboard in Resources */,
				5697E3D62407A16500DB022C /* Assets.xcassets in Resources */,
				5697E3D12407A16500DB022C /* Main.storyboard in Resources */,
			);
			runOnlyForDeploymentPostprocessing = 0;
		};
		5697E3DD2407A16600DB022C /* Resources */ = {
			isa = PBXResourcesBuildPhase;
			buildActionMask = 2147483647;
			files = (
			);
			runOnlyForDeploymentPostprocessing = 0;
		};
		5697E3E82407A16600DB022C /* Resources */ = {
			isa = PBXResourcesBuildPhase;
			buildActionMask = 2147483647;
			files = (
			);
			runOnlyForDeploymentPostprocessing = 0;
		};
/* End PBXResourcesBuildPhase section */

/* Begin PBXSourcesBuildPhase section */
		5697E3C42407A16500DB022C /* Sources */ = {
			isa = PBXSourcesBuildPhase;
			buildActionMask = 2147483647;
			files = (
				5697E3CE2407A16500DB022C /* ViewController.swift in Sources */,
				5697E3D42407A16500DB022C /* Homepwner.xcdatamodeld in Sources */,
				5697E3CC2407A16500DB022C /* AppDelegate.swift in Sources */,
			);
			runOnlyForDeploymentPostprocessing = 0;
		};
		5697E3DB2407A16600DB022C /* Sources */ = {
			isa = PBXSourcesBuildPhase;
			buildActionMask = 2147483647;
			files = (
				5697E3E42407A16600DB022C /* HomepwnerTests.swift in Sources */,
			);
			runOnlyForDeploymentPostprocessing = 0;
		};
		5697E3E62407A16600DB022C /* Sources */ = {
			isa = PBXSourcesBuildPhase;
			buildActionMask = 2147483647;
			files = (
				5697E3EF2407A16600DB022C /* HomepwnerUITests.swift in Sources */,
			);
			runOnlyForDeploymentPostprocessing = 0;
		};
/* End PBXSourcesBuildPhase section */

/* Begin PBXTargetDependency section */
		5697E3E12407A16600DB022C /* PBXTargetDependency */ = {
			isa = PBXTargetDependency;
			target = 5697E3C72407A16500DB022C /* Homepwner */;
			targetProxy = 5697E3E02407A16600DB022C /* PBXContainerItemProxy */;
		};
		5697E3EC2407A16600DB022C /* PBXTargetDependency */ = {
			isa = PBXTargetDependency;
			target = 5697E3C72407A16500DB022C /* Homepwner */;
			targetProxy = 5697E3EB2407A16600DB022C /* PBXContainerItemProxy */;
		};
/* End PBXTargetDependency section */

/* Begin PBXVariantGroup section */
		5697E3CF2407A16500DB022C /* Main.storyboard */ = {
			isa = PBXVariantGroup;
			children = (
				5697E3D02407A16500DB022C /* Base */,
			);
			name = Main.storyboard;
			sourceTree = "<group>";
		};
		5697E3D72407A16500DB022C /* LaunchScreen.storyboard */ = {
			isa = PBXVariantGroup;
			children = (
				5697E3D82407A16500DB022C /* Base */,
			);
			name = LaunchScreen.storyboard;
			sourceTree = "<group>";
		};
/* End PBXVariantGroup section */

/* Begin XCBuildConfiguration section */
		5697E3F12407A16600DB022C /* Debug */ = {
			isa = XCBuildConfiguration;
			buildSettings = {
				ALWAYS_SEARCH_USER_PATHS = NO;
				CLANG_ANALYZER_NONNULL = YES;
				CLANG_ANALYZER_NUMBER_OBJECT_CONVERSION = YES_AGGRESSIVE;
				CLANG_CXX_LANGUAGE_STANDARD = "gnu++14";
				CLANG_CXX_LIBRARY = "libc++";
				CLANG_ENABLE_MODULES = YES;
				CLANG_ENABLE_OBJC_ARC = YES;
				CLANG_ENABLE_OBJC_WEAK = YES;
				CLANG_WARN_BLOCK_CAPTURE_AUTORELEASING = YES;
				CLANG_WARN_BOOL_CONVERSION = YES;
				CLANG_WARN_COMMA = YES;
				CLANG_WARN_CONSTANT_CONVERSION = YES;
				CLANG_WARN_DEPRECATED_OBJC_IMPLEMENTATIONS = YES;
				CLANG_WARN_DIRECT_OBJC_ISA_USAGE = YES_ERROR;
				CLANG_WARN_DOCUMENTATION_COMMENTS = YES;
				CLANG_WARN_EMPTY_BODY = YES;
				CLANG_WARN_ENUM_CONVERSION = YES;
				CLANG_WARN_INFINITE_RECURSION = YES;
				CLANG_WARN_INT_CONVERSION = YES;
				CLANG_WARN_NON_LITERAL_NULL_CONVERSION = YES;
				CLANG_WARN_OBJC_IMPLICIT_RETAIN_SELF = YES;
				CLANG_WARN_OBJC_LITERAL_CONVERSION = YES;
				CLANG_WARN_OBJC_ROOT_CLASS = YES_ERROR;
				CLANG_WARN_RANGE_LOOP_ANALYSIS = YES;
				CLANG_WARN_STRICT_PROTOTYPES = YES;
				CLANG_WARN_SUSPICIOUS_MOVE = YES;
				CLANG_WARN_UNGUARDED_AVAILABILITY = YES_AGGRESSIVE;
				CLANG_WARN_UNREACHABLE_CODE = YES;
				CLANG_WARN__DUPLICATE_METHOD_MATCH = YES;
				CODE_SIGN_IDENTITY = "iPhone Developer";
				COPY_PHASE_STRIP = NO;
				DEBUG_INFORMATION_FORMAT = dwarf;
				ENABLE_STRICT_OBJC_MSGSEND = YES;
				ENABLE_TESTABILITY = YES;
				GCC_C_LANGUAGE_STANDARD = gnu11;
				GCC_DYNAMIC_NO_PIC = NO;
				GCC_NO_COMMON_BLOCKS = YES;
				GCC_OPTIMIZATION_LEVEL = 0;
				GCC_PREPROCESSOR_DEFINITIONS = (
					"DEBUG=1",
					"$(inherited)",
				);
				GCC_WARN_64_TO_32_BIT_CONVERSION = YES;
				GCC_WARN_ABOUT_RETURN_TYPE = YES_ERROR;
				GCC_WARN_UNDECLARED_SELECTOR = YES;
				GCC_WARN_UNINITIALIZED_AUTOS = YES_AGGRESSIVE;
				GCC_WARN_UNUSED_FUNCTION = YES;
				GCC_WARN_UNUSED_VARIABLE = YES;
				IPHONEOS_DEPLOYMENT_TARGET = 12.1;
				MTL_ENABLE_DEBUG_INFO = INCLUDE_SOURCE;
				MTL_FAST_MATH = YES;
				ONLY_ACTIVE_ARCH = YES;
				SDKROOT = iphoneos;
				SWIFT_ACTIVE_COMPILATION_CONDITIONS = DEBUG;
				SWIFT_OPTIMIZATION_LEVEL = "-Onone";
			};
			name = Debug;
		};
		5697E3F22407A16600DB022C /* Release */ = {
			isa = XCBuildConfiguration;
			buildSettings = {
				ALWAYS_SEARCH_USER_PATHS = NO;
				CLANG_ANALYZER_NONNULL = YES;
				CLANG_ANALYZER_NUMBER_OBJECT_CONVERSION = YES_AGGRESSIVE;
				CLANG_CXX_LANGUAGE_STANDARD = "gnu++14";
				CLANG_CXX_LIBRARY = "libc++";
				CLANG_ENABLE_MODULES = YES;
				CLANG_ENABLE_OBJC_ARC = YES;
				CLANG_ENABLE_OBJC_WEAK = YES;
				CLANG_WARN_BLOCK_CAPTURE_AUTORELEASING = YES;
				CLANG_WARN_BOOL_CONVERSION = YES;
				CLANG_WARN_COMMA = YES;
				CLANG_WARN_CONSTANT_CONVERSION = YES;
				CLANG_WARN_DEPRECATED_OBJC_IMPLEMENTATIONS = YES;
				CLANG_WARN_DIRECT_OBJC_ISA_USAGE = YES_ERROR;
				CLANG_WARN_DOCUMENTATION_COMMENTS = YES;
				CLANG_WARN_EMPTY_BODY = YES;
				CLANG_WARN_ENUM_CONVERSION = YES;
				CLANG_WARN_INFINITE_RECURSION = YES;
				CLANG_WARN_INT_CONVERSION = YES;
				CLANG_WARN_NON_LITERAL_NULL_CONVERSION = YES;
				CLANG_WARN_OBJC_IMPLICIT_RETAIN_SELF = YES;
				CLANG_WARN_OBJC_LITERAL_CONVERSION = YES;
				CLANG_WARN_OBJC_ROOT_CLASS = YES_ERROR;
				CLANG_WARN_RANGE_LOOP_ANALYSIS = YES;
				CLANG_WARN_STRICT_PROTOTYPES = YES;
				CLANG_WARN_SUSPICIOUS_MOVE = YES;
				CLANG_WARN_UNGUARDED_AVAILABILITY = YES_AGGRESSIVE;
				CLANG_WARN_UNREACHABLE_CODE = YES;
				CLANG_WARN__DUPLICATE_METHOD_MATCH = YES;
				CODE_SIGN_IDENTITY = "iPhone Developer";
				COPY_PHASE_STRIP = NO;
				DEBUG_INFORMATION_FORMAT = "dwarf-with-dsym";
				ENABLE_NS_ASSERTIONS = NO;
				ENABLE_STRICT_OBJC_MSGSEND = YES;
				GCC_C_LANGUAGE_STANDARD = gnu11;
				GCC_NO_COMMON_BLOCKS = YES;
				GCC_WARN_64_TO_32_BIT_CONVERSION = YES;
				GCC_WARN_ABOUT_RETURN_TYPE = YES_ERROR;
				GCC_WARN_UNDECLARED_SELECTOR = YES;
				GCC_WARN_UNINITIALIZED_AUTOS = YES_AGGRESSIVE;
				GCC_WARN_UNUSED_FUNCTION = YES;
				GCC_WARN_UNUSED_VARIABLE = YES;
				IPHONEOS_DEPLOYMENT_TARGET = 12.1;
				MTL_ENABLE_DEBUG_INFO = NO;
				MTL_FAST_MATH = YES;
				SDKROOT = iphoneos;
				SWIFT_COMPILATION_MODE = wholemodule;
				SWIFT_OPTIMIZATION_LEVEL = "-O";
				VALIDATE_PRODUCT = YES;
			};
			name = Release;
		};
		5697E3F42407A16600DB022C /* Debug */ = {
			isa = XCBuildConfiguration;
			buildSettings = {
				ASSETCATALOG_COMPILER_APPICON_NAME = AppIcon;
				CODE_SIGN_STYLE = Automatic;
				INFOPLIST_FILE = Homepwner/Info.plist;
				LD_RUNPATH_SEARCH_PATHS = (
					"$(inherited)",
					"@executable_path/Frameworks",
				);
				PRODUCT_BUNDLE_IDENTIFIER = "-.Homepwner";
				PRODUCT_NAME = "$(TARGET_NAME)";
				SWIFT_VERSION = 4.2;
				TARGETED_DEVICE_FAMILY = "1,2";
			};
			name = Debug;
		};
		5697E3F52407A16600DB022C /* Release */ = {
			isa = XCBuildConfiguration;
			buildSettings = {
				ASSETCATALOG_COMPILER_APPICON_NAME = AppIcon;
				CODE_SIGN_STYLE = Automatic;
				INFOPLIST_FILE = Homepwner/Info.plist;
				LD_RUNPATH_SEARCH_PATHS = (
					"$(inherited)",
					"@executable_path/Frameworks",
				);
				PRODUCT_BUNDLE_IDENTIFIER = "-.Homepwner";
				PRODUCT_NAME = "$(TARGET_NAME)";
				SWIFT_VERSION = 4.2;
				TARGETED_DEVICE_FAMILY = "1,2";
			};
			name = Release;
		};
		5697E3F72407A16600DB022C /* Debug */ = {
			isa = XCBuildConfiguration;
			buildSettings = {
				ALWAYS_EMBED_SWIFT_STANDARD_LIBRARIES = YES;
				BUNDLE_LOADER = "$(TEST_HOST)";
				CODE_SIGN_STYLE = Automatic;
				INFOPLIST_FILE = HomepwnerTests/Info.plist;
				LD_RUNPATH_SEARCH_PATHS = (
					"$(inherited)",
					"@executable_path/Frameworks",
					"@loader_path/Frameworks",
				);
				PRODUCT_BUNDLE_IDENTIFIER = "-.HomepwnerTests";
				PRODUCT_NAME = "$(TARGET_NAME)";
				SWIFT_VERSION = 4.2;
				TARGETED_DEVICE_FAMILY = "1,2";
				TEST_HOST = "$(BUILT_PRODUCTS_DIR)/Homepwner.app/Homepwner";
			};
			name = Debug;
		};
		5697E3F82407A16600DB022C /* Release */ = {
			isa = XCBuildConfiguration;
			buildSettings = {
				ALWAYS_EMBED_SWIFT_STANDARD_LIBRARIES = YES;
				BUNDLE_LOADER = "$(TEST_HOST)";
				CODE_SIGN_STYLE = Automatic;
				INFOPLIST_FILE = HomepwnerTests/Info.plist;
				LD_RUNPATH_SEARCH_PATHS = (
					"$(inherited)",
					"@executable_path/Frameworks",
					"@loader_path/Frameworks",
				);
				PRODUCT_BUNDLE_IDENTIFIER = "-.HomepwnerTests";
				PRODUCT_NAME = "$(TARGET_NAME)";
				SWIFT_VERSION = 4.2;
				TARGETED_DEVICE_FAMILY = "1,2";
				TEST_HOST = "$(BUILT_PRODUCTS_DIR)/Homepwner.app/Homepwner";
			};
			name = Release;
		};
		5697E3FA2407A16600DB022C /* Debug */ = {
			isa = XCBuildConfiguration;
			buildSettings = {
				ALWAYS_EMBED_SWIFT_STANDARD_LIBRARIES = YES;
				CODE_SIGN_STYLE = Automatic;
				INFOPLIST_FILE = HomepwnerUITests/Info.plist;
				LD_RUNPATH_SEARCH_PATHS = (
					"$(inherited)",
					"@executable_path/Frameworks",
					"@loader_path/Frameworks",
				);
				PRODUCT_BUNDLE_IDENTIFIER = "-.HomepwnerUITests";
				PRODUCT_NAME = "$(TARGET_NAME)";
				SWIFT_VERSION = 4.2;
				TARGETED_DEVICE_FAMILY = "1,2";
				TEST_TARGET_NAME = Homepwner;
			};
			name = Debug;
		};
		5697E3FB2407A16600DB022C /* Release */ = {
			isa = XCBuildConfiguration;
			buildSettings = {
				ALWAYS_EMBED_SWIFT_STANDARD_LIBRARIES = YES;
				CODE_SIGN_STYLE = Automatic;
				INFOPLIST_FILE = HomepwnerUITests/Info.plist;
				LD_RUNPATH_SEARCH_PATHS = (
					"$(inherited)",
					"@executable_path/Frameworks",
					"@loader_path/Frameworks",
				);
				PRODUCT_BUNDLE_IDENTIFIER = "-.HomepwnerUITests";
				PRODUCT_NAME = "$(TARGET_NAME)";
				SWIFT_VERSION = 4.2;
				TARGETED_DEVICE_FAMILY = "1,2";
				TEST_TARGET_NAME = Homepwner;
			};
			name = Release;
		};
/* End XCBuildConfiguration section */

/* Begin XCConfigurationList section */
		5697E3C32407A16500DB022C /* Build configuration list for PBXProject "Homepwner" */ = {
			isa = XCConfigurationList;
			buildConfigurations = (
				5697E3F12407A16600DB022C /* Debug */,
				5697E3F22407A16600DB022C /* Release */,
			);
			defaultConfigurationIsVisible = 0;
			defaultConfigurationName = Release;
		};
		5697E3F32407A16600DB022C /* Build configuration list for PBXNativeTarget "Homepwner" */ = {
			isa = XCConfigurationList;
			buildConfigurations = (
				5697E3F42407A16600DB022C /* Debug */,
				5697E3F52407A16600DB022C /* Release */,
			);
			defaultConfigurationIsVisible = 0;
			defaultConfigurationName = Release;
		};
		5697E3F62407A16600DB022C /* Build configuration list for PBXNativeTarget "HomepwnerTests" */ = {
			isa = XCConfigurationList;
			buildConfigurations = (
				5697E3F72407A16600DB022C /* Debug */,
				5697E3F82407A16600DB022C /* Release */,
			);
			defaultConfigurationIsVisible = 0;
			defaultConfigurationName = Release;
		};
		5697E3F92407A16600DB022C /* Build configuration list for PBXNativeTarget "HomepwnerUITests" */ = {
			isa = XCConfigurationList;
			buildConfigurations = (
				5697E3FA2407A16600DB022C /* Debug */,
				5697E3FB2407A16600DB022C /* Release */,
			);
			defaultConfigurationIsVisible = 0;
			defaultConfigurationName = Release;
		};
/* End XCConfigurationList section */

/* Begin XCVersionGroup section */
		5697E3D22407A16500DB022C /* Homepwner.xcdatamodeld */ = {
			isa = XCVersionGroup;
			children = (
				5697E3D32407A16500DB022C /* Homepwner.xcdatamodel */,
			);
			currentVersion = 5697E3D32407A16500DB022C /* Homepwner.xcdatamodel */;
			path = Homepwner.xcdatamodeld;
			sourceTree = "<group>";
			versionGroupType = wrapper.xcdatamodel;
		};
/* End XCVersionGroup section */
	};
	rootObject = 5697E3C02407A16500DB022C /* Project object */;
}
